
Microsoft Visual Studio Solution File, Format Version 12.00
# Visual Studio Version 17
VisualStudioVersion = 17.9.34723.18
MinimumVisualStudioVersion = 10.0.40219.1
Project("{FAE04EC0-301F-11D3-BF4B-00C04F79EFBC}") = "GenericTypeTask", "GenericTypeTask.csproj", "{7890E26E-DC29-4582-BB8B-79C0E410162E}"
EndProject
Global
	GlobalSection(SolutionConfigurationPlatforms) = preSolution
		Debug|Any CPU = Debug|Any CPU
		Release|Any CPU = Release|Any CPU
	EndGlobalSection
	GlobalSection(ProjectConfigurationPlatforms) = postSolution
		{7890E26E-DC29-4582-BB8B-79C0E410162E}.Debug|Any CPU.ActiveCfg = Debug|Any CPU
		{7890E26E-DC29-4582-BB8B-79C0E410162E}.Debug|Any CPU.Build.0 = Debug|Any CPU
		{7890E26E-DC29-4582-BB8B-79C0E410162E}.Release|Any CPU.ActiveCfg = Release|Any CPU
		{7890E26E-DC29-4582-BB8B-79C0E410162E}.Release|Any CPU.Build.0 = Release|Any CPU
	EndGlobalSection
	GlobalSection(SolutionProperties) = preSolution
		HideSolutionNode = FALSE
	EndGlobalSection
	GlobalSection(ExtensibilityGlobals) = postSolution
		SolutionGuid = {D27031EF-655D-4054-96EA-7809DC759FD8}
	EndGlobalSection
EndGlobal
